
Microsoft Visual Studio Solution File, Format Version 12.00
# Visual Studio 2013
VisualStudioVersion = 12.0.30723.0
MinimumVisualStudioVersion = 10.0.40219.1
Project("{E24C65DC-7377-472B-9ABA-BC803B73C61A}") = "Buying", "http://localhost:5598", "{3588D15B-4D69-4F99-9F0F-D63478710F39}"
	ProjectSection(WebsiteProperties) = preProject
		UseIISExpress = "true"
		TargetFrameworkMoniker = ".NETFramework,Version%3Dv4.5"
		ProjectReferences = "{aa74e7de-ba9a-47a5-b2cb-0c971f757fea}|Buying.Bll.dll;{8259460B-8435-49AE-BBFE-7D48BD61BE85}|Buying.Dal.dll;"
		Debug.AspNetCompiler.VirtualPath = "/localhost_5598"
		Debug.AspNetCompiler.PhysicalPath = "Buying\"
		Debug.AspNetCompiler.TargetPath = "PrecompiledWeb\localhost_5598\"
		Debug.AspNetCompiler.Updateable = "true"
		Debug.AspNetCompiler.ForceOverwrite = "true"
		Debug.AspNetCompiler.FixedNames = "false"
		Debug.AspNetCompiler.Debug = "True"
		Release.AspNetCompiler.VirtualPath = "/localhost_5598"
		Release.AspNetCompiler.PhysicalPath = "Buying\"
		Release.AspNetCompiler.TargetPath = "PrecompiledWeb\localhost_5598\"
		Release.AspNetCompiler.Updateable = "true"
		Release.AspNetCompiler.ForceOverwrite = "true"
		Release.AspNetCompiler.FixedNames = "false"
		Release.AspNetCompiler.Debug = "False"
		SlnRelativePath = "Buying\"
		DefaultWebSiteLanguage = "Visual C#"
	EndProjectSection
EndProject
Project("{FAE04EC0-301F-11D3-BF4B-00C04F79EFBC}") = "Buying.Dal", "Buying.Dal\Buying.Dal.csproj", "{8259460B-8435-49AE-BBFE-7D48BD61BE85}"
EndProject
Project("{FAE04EC0-301F-11D3-BF4B-00C04F79EFBC}") = "Buying.Bll", "Buying.Bll\Buying.Bll.csproj", "{AA74E7DE-BA9A-47A5-B2CB-0C971F757FEA}"
EndProject
Global
	GlobalSection(SolutionConfigurationPlatforms) = preSolution
		Debug|Any CPU = Debug|Any CPU
		Release|Any CPU = Release|Any CPU
	EndGlobalSection
	GlobalSection(ProjectConfigurationPlatforms) = postSolution
		{3588D15B-4D69-4F99-9F0F-D63478710F39}.Debug|Any CPU.ActiveCfg = Debug|Any CPU
		{3588D15B-4D69-4F99-9F0F-D63478710F39}.Debug|Any CPU.Build.0 = Debug|Any CPU
		{3588D15B-4D69-4F99-9F0F-D63478710F39}.Release|Any CPU.ActiveCfg = Debug|Any CPU
		{3588D15B-4D69-4F99-9F0F-D63478710F39}.Release|Any CPU.Build.0 = Debug|Any CPU
		{8259460B-8435-49AE-BBFE-7D48BD61BE85}.Debug|Any CPU.ActiveCfg = Debug|Any CPU
		{8259460B-8435-49AE-BBFE-7D48BD61BE85}.Debug|Any CPU.Build.0 = Debug|Any CPU
		{8259460B-8435-49AE-BBFE-7D48BD61BE85}.Release|Any CPU.ActiveCfg = Release|Any CPU
		{8259460B-8435-49AE-BBFE-7D48BD61BE85}.Release|Any CPU.Build.0 = Release|Any CPU
		{AA74E7DE-BA9A-47A5-B2CB-0C971F757FEA}.Debug|Any CPU.ActiveCfg = Debug|Any CPU
		{AA74E7DE-BA9A-47A5-B2CB-0C971F757FEA}.Debug|Any CPU.Build.0 = Debug|Any CPU
		{AA74E7DE-BA9A-47A5-B2CB-0C971F757FEA}.Release|Any CPU.ActiveCfg = Release|Any CPU
		{AA74E7DE-BA9A-47A5-B2CB-0C971F757FEA}.Release|Any CPU.Build.0 = Release|Any CPU
	EndGlobalSection
	GlobalSection(SolutionProperties) = preSolution
		HideSolutionNode = FALSE
	EndGlobalSection
EndGlobal
